
Microsoft Visual Studio Solution File, Format Version 12.00
# Visual Studio Version 17
VisualStudioVersion = 17.3.32825.248
MinimumVisualStudioVersion = 10.0.40219.1
Project("{8BC9CEB8-8B4A-11D0-8D11-00A0C91BC942}") = "rational_main", "rational_main.vcxproj", "{539FFADA-47A8-4DB3-B369-0FB39FE68C55}"
EndProject
Global
	GlobalSection(SolutionConfigurationPlatforms) = preSolution
		Debug|x64 = Debug|x64
		Debug|x86 = Debug|x86
		Release|x64 = Release|x64
		Release|x86 = Release|x86
	EndGlobalSection
	GlobalSection(ProjectConfigurationPlatforms) = postSolution
		{539FFADA-47A8-4DB3-B369-0FB39FE68C55}.Debug|x64.ActiveCfg = Debug|x64
		{539FFADA-47A8-4DB3-B369-0FB39FE68C55}.Debug|x64.Build.0 = Debug|x64
		{539FFADA-47A8-4DB3-B369-0FB39FE68C55}.Debug|x86.ActiveCfg = Debug|Win32
		{539FFADA-47A8-4DB3-B369-0FB39FE68C55}.Debug|x86.Build.0 = Debug|Win32
		{539FFADA-47A8-4DB3-B369-0FB39FE68C55}.Release|x64.ActiveCfg = Release|x64
		{539FFADA-47A8-4DB3-B369-0FB39FE68C55}.Release|x64.Build.0 = Release|x64
		{539FFADA-47A8-4DB3-B369-0FB39FE68C55}.Release|x86.ActiveCfg = Release|Win32
		{539FFADA-47A8-4DB3-B369-0FB39FE68C55}.Release|x86.Build.0 = Release|Win32
	EndGlobalSection
	GlobalSection(SolutionProperties) = preSolution
		HideSolutionNode = FALSE
	EndGlobalSection
	GlobalSection(ExtensibilityGlobals) = postSolution
		SolutionGuid = {0FDE895B-4089-4383-B302-20946BDA2637}
	EndGlobalSection
EndGlobal
